
Microsoft Visual Studio Solution File, Format Version 12.00
# Visual Studio 2012
Project("{FAE04EC0-301F-11D3-BF4B-00C04F79EFBC}") = "MapsDemo", "MapsDemo\MapsDemo.csproj", "{A661B3AB-95EA-4893-AD4B-86A1202553C2}"
EndProject
Project("{FAE04EC0-301F-11D3-BF4B-00C04F79EFBC}") = "MapsDemo.iOS", "iOS\MapsDemo.iOS.csproj", "{20E3BE4D-6773-41E5-8653-06A86DA54C2B}"
EndProject
Project("{FAE04EC0-301F-11D3-BF4B-00C04F79EFBC}") = "MapsDemo.Droid", "Droid\MapsDemo.Droid.csproj", "{0CFA10D5-1837-44E6-92A7-B96587A12406}"
EndProject
Global
	GlobalSection(SolutionConfigurationPlatforms) = preSolution
		Debug|Any CPU = Debug|Any CPU
		Release|Any CPU = Release|Any CPU
		Debug|iPhoneSimulator = Debug|iPhoneSimulator
		Release|iPhone = Release|iPhone
		Release|iPhoneSimulator = Release|iPhoneSimulator
		Debug|iPhone = Debug|iPhone
	EndGlobalSection
	GlobalSection(ProjectConfigurationPlatforms) = postSolution
		{A661B3AB-95EA-4893-AD4B-86A1202553C2}.Debug|Any CPU.ActiveCfg = Debug|Any CPU
		{A661B3AB-95EA-4893-AD4B-86A1202553C2}.Debug|Any CPU.Build.0 = Debug|Any CPU
		{A661B3AB-95EA-4893-AD4B-86A1202553C2}.Release|Any CPU.ActiveCfg = Release|Any CPU
		{A661B3AB-95EA-4893-AD4B-86A1202553C2}.Release|Any CPU.Build.0 = Release|Any CPU
		{A661B3AB-95EA-4893-AD4B-86A1202553C2}.Debug|iPhoneSimulator.ActiveCfg = Debug|Any CPU
		{A661B3AB-95EA-4893-AD4B-86A1202553C2}.Debug|iPhoneSimulator.Build.0 = Debug|Any CPU
		{A661B3AB-95EA-4893-AD4B-86A1202553C2}.Release|iPhone.ActiveCfg = Release|Any CPU
		{A661B3AB-95EA-4893-AD4B-86A1202553C2}.Release|iPhone.Build.0 = Release|Any CPU
		{A661B3AB-95EA-4893-AD4B-86A1202553C2}.Release|iPhoneSimulator.ActiveCfg = Release|Any CPU
		{A661B3AB-95EA-4893-AD4B-86A1202553C2}.Release|iPhoneSimulator.Build.0 = Release|Any CPU
		{A661B3AB-95EA-4893-AD4B-86A1202553C2}.Debug|iPhone.ActiveCfg = Debug|Any CPU
		{A661B3AB-95EA-4893-AD4B-86A1202553C2}.Debug|iPhone.Build.0 = Debug|Any CPU
		{20E3BE4D-6773-41E5-8653-06A86DA54C2B}.Debug|Any CPU.ActiveCfg = Debug|iPhoneSimulator
		{20E3BE4D-6773-41E5-8653-06A86DA54C2B}.Debug|Any CPU.Build.0 = Debug|iPhoneSimulator
		{20E3BE4D-6773-41E5-8653-06A86DA54C2B}.Release|Any CPU.ActiveCfg = Release|iPhone
		{20E3BE4D-6773-41E5-8653-06A86DA54C2B}.Release|Any CPU.Build.0 = Release|iPhone
		{20E3BE4D-6773-41E5-8653-06A86DA54C2B}.Debug|iPhoneSimulator.ActiveCfg = Debug|iPhoneSimulator
		{20E3BE4D-6773-41E5-8653-06A86DA54C2B}.Debug|iPhoneSimulator.Build.0 = Debug|iPhoneSimulator
		{20E3BE4D-6773-41E5-8653-06A86DA54C2B}.Release|iPhone.ActiveCfg = Release|iPhone
		{20E3BE4D-6773-41E5-8653-06A86DA54C2B}.Release|iPhone.Build.0 = Release|iPhone
		{20E3BE4D-6773-41E5-8653-06A86DA54C2B}.Release|iPhoneSimulator.ActiveCfg = Release|iPhoneSimulator
		{20E3BE4D-6773-41E5-8653-06A86DA54C2B}.Release|iPhoneSimulator.Build.0 = Release|iPhoneSimulator
		{20E3BE4D-6773-41E5-8653-06A86DA54C2B}.Debug|iPhone.ActiveCfg = Debug|iPhone
		{20E3BE4D-6773-41E5-8653-06A86DA54C2B}.Debug|iPhone.Build.0 = Debug|iPhone
		{0CFA10D5-1837-44E6-92A7-B96587A12406}.Debug|Any CPU.ActiveCfg = Debug|Any CPU
		{0CFA10D5-1837-44E6-92A7-B96587A12406}.Debug|Any CPU.Build.0 = Debug|Any CPU
		{0CFA10D5-1837-44E6-92A7-B96587A12406}.Release|Any CPU.ActiveCfg = Release|Any CPU
		{0CFA10D5-1837-44E6-92A7-B96587A12406}.Release|Any CPU.Build.0 = Release|Any CPU
		{0CFA10D5-1837-44E6-92A7-B96587A12406}.Debug|iPhoneSimulator.ActiveCfg = Debug|Any CPU
		{0CFA10D5-1837-44E6-92A7-B96587A12406}.Debug|iPhoneSimulator.Build.0 = Debug|Any CPU
		{0CFA10D5-1837-44E6-92A7-B96587A12406}.Release|iPhone.ActiveCfg = Release|Any CPU
		{0CFA10D5-1837-44E6-92A7-B96587A12406}.Release|iPhone.Build.0 = Release|Any CPU
		{0CFA10D5-1837-44E6-92A7-B96587A12406}.Release|iPhoneSimulator.ActiveCfg = Release|Any CPU
		{0CFA10D5-1837-44E6-92A7-B96587A12406}.Release|iPhoneSimulator.Build.0 = Release|Any CPU
		{0CFA10D5-1837-44E6-92A7-B96587A12406}.Debug|iPhone.ActiveCfg = Debug|Any CPU
		{0CFA10D5-1837-44E6-92A7-B96587A12406}.Debug|iPhone.Build.0 = Debug|Any CPU
	EndGlobalSection
EndGlobal
